<?xml version="1.0" encoding="utf-8"?>
<Project ToolsVersion="4.0" xmlns="http://schemas.microsoft.com/developer/msbuild/2003">
  <ItemGroup>
    <Filter Include="Source Files">
      <UniqueIdentifier>{4FC737F1-C7A5-4376-A066-2A32D752A2FF}</UniqueIdentifier>
      <Extensions>cpp;c;cc;cxx;def;odl;idl;hpj;bat;asm;asmx</Extensions>
    </Filter>
    <Filter Include="Header Files">
      <UniqueIdentifier>{93995380-89BD-4b04-88EB-625FBE52EBFB}</UniqueIdentifier>
      <Extensions>h;hh;hpp;hxx;hm;inl;inc;xsd</Extensions>
    </Filter>
    <Filter Include="Resource Files">
      <UniqueIdentifier>{67DA6AB6-F800-4c08-8B7A-83BB121AAD01}</UniqueIdentifier>
      <Extensions>rc;ico;cur;bmp;dlg;rc2;rct;bin;rgs;gif;jpg;jpeg;jpe;resx;tiff;tif;png;wav;mfcribbon-ms</Extensions>
    </Filter>
  </ItemGroup>
  <ItemGroup>
    <ClCompile Include="src\groundtool.cpp">
      <Filter>Source Files</Filter>
    </ClCompile>
  </ItemGroup>
  <ItemGroup>
    <ClInclude Include="irrlicht\aabbox3d.h">
      <Filter>Header Files</Filter>
    </ClInclude>
    <ClInclude Include="irrlicht\CDynamicMeshBuffer.h">
      <Filter>Header Files</Filter>
    </ClInclude>
    <ClInclude Include="irrlicht\CIndexBuffer.h">
      <Filter>Header Files</Filter>
    </ClInclude>
    <ClInclude Include="irrlicht\CMeshBuffer.h">
      <Filter>Header Files</Filter>
    </ClInclude>
    <ClInclude Include="irrlicht\coreutil.h">
      <Filter>Header Files</Filter>
    </ClInclude>
    <ClInclude Include="irrlicht\CVertexBuffer.h">
      <Filter>Header Files</Filter>
    </ClInclude>
    <ClInclude Include="irrlicht\dimension2d.h">
      <Filter>Header Files</Filter>
    </ClInclude>
    <ClInclude Include="irrlicht\driverChoice.h">
      <Filter>Header Files</Filter>
    </ClInclude>
    <ClInclude Include="irrlicht\EAttributes.h">
      <Filter>Header Files</Filter>
    </ClInclude>
    <ClInclude Include="irrlicht\ECullingTypes.h">
      <Filter>Header Files</Filter>
    </ClInclude>
    <ClInclude Include="irrlicht\EDebugSceneTypes.h">
      <Filter>Header Files</Filter>
    </ClInclude>
    <ClInclude Include="irrlicht\EDeviceTypes.h">
      <Filter>Header Files</Filter>
    </ClInclude>
    <ClInclude Include="irrlicht\EDriverFeatures.h">
      <Filter>Header Files</Filter>
    </ClInclude>
    <ClInclude Include="irrlicht\EDriverTypes.h">
      <Filter>Header Files</Filter>
    </ClInclude>
    <ClInclude Include="irrlicht\EGUIAlignment.h">
      <Filter>Header Files</Filter>
    </ClInclude>
    <ClInclude Include="irrlicht\EGUIElementTypes.h">
      <Filter>Header Files</Filter>
    </ClInclude>
    <ClInclude Include="irrlicht\EHardwareBufferFlags.h">
      <Filter>Header Files</Filter>
    </ClInclude>
    <ClInclude Include="irrlicht\EMaterialFlags.h">
      <Filter>Header Files</Filter>
    </ClInclude>
    <ClInclude Include="irrlicht\EMaterialTypes.h">
      <Filter>Header Files</Filter>
    </ClInclude>
    <ClInclude Include="irrlicht\EMeshWriterEnums.h">
      <Filter>Header Files</Filter>
    </ClInclude>
    <ClInclude Include="irrlicht\EMessageBoxFlags.h">
      <Filter>Header Files</Filter>
    </ClInclude>
    <ClInclude Include="irrlicht\EPrimitiveTypes.h">
      <Filter>Header Files</Filter>
    </ClInclude>
    <ClInclude Include="irrlicht\ESceneNodeAnimatorTypes.h">
      <Filter>Header Files</Filter>
    </ClInclude>
    <ClInclude Include="irrlicht\ESceneNodeTypes.h">
      <Filter>Header Files</Filter>
    </ClInclude>
    <ClInclude Include="irrlicht\EShaderTypes.h">
      <Filter>Header Files</Filter>
    </ClInclude>
    <ClInclude Include="irrlicht\ETerrainElements.h">
      <Filter>Header Files</Filter>
    </ClInclude>
    <ClInclude Include="irrlicht\fast_atof.h">
      <Filter>Header Files</Filter>
    </ClInclude>
    <ClInclude Include="irrlicht\heapsort.h">
      <Filter>Header Files</Filter>
    </ClInclude>
    <ClInclude Include="irrlicht\IAnimatedMesh.h">
      <Filter>Header Files</Filter>
    </ClInclude>
    <ClInclude Include="irrlicht\IAnimatedMeshMD2.h">
      <Filter>Header Files</Filter>
    </ClInclude>
    <ClInclude Include="irrlicht\IAnimatedMeshMD3.h">
      <Filter>Header Files</Filter>
    </ClInclude>
    <ClInclude Include="irrlicht\IAnimatedMeshSceneNode.h">
      <Filter>Header Files</Filter>
    </ClInclude>
    <ClInclude Include="irrlicht\IAttributeExchangingObject.h">
      <Filter>Header Files</Filter>
    </ClInclude>
    <ClInclude Include="irrlicht\IAttributes.h">
      <Filter>Header Files</Filter>
    </ClInclude>
    <ClInclude Include="irrlicht\IBillboardSceneNode.h">
      <Filter>Header Files</Filter>
    </ClInclude>
    <ClInclude Include="irrlicht\IBillboardTextSceneNode.h">
      <Filter>Header Files</Filter>
    </ClInclude>
    <ClInclude Include="irrlicht\IBoneSceneNode.h">
      <Filter>Header Files</Filter>
    </ClInclude>
    <ClInclude Include="irrlicht\ICameraSceneNode.h">
      <Filter>Header Files</Filter>
    </ClInclude>
    <ClInclude Include="irrlicht\IColladaMeshWriter.h">
      <Filter>Header Files</Filter>
    </ClInclude>
    <ClInclude Include="irrlicht\ICursorControl.h">
      <Filter>Header Files</Filter>
    </ClInclude>
    <ClInclude Include="irrlicht\IDummyTransformationSceneNode.h">
      <Filter>Header Files</Filter>
    </ClInclude>
    <ClInclude Include="irrlicht\IDynamicMeshBuffer.h">
      <Filter>Header Files</Filter>
    </ClInclude>
    <ClInclude Include="irrlicht\IEventReceiver.h">
      <Filter>Header Files</Filter>
    </ClInclude>
    <ClInclude Include="irrlicht\IFileArchive.h">
      <Filter>Header Files</Filter>
    </ClInclude>
    <ClInclude Include="irrlicht\IFileList.h">
      <Filter>Header Files</Filter>
    </ClInclude>
    <ClInclude Include="irrlicht\IFileSystem.h">
      <Filter>Header Files</Filter>
    </ClInclude>
    <ClInclude Include="irrlicht\IGeometryCreator.h">
      <Filter>Header Files</Filter>
    </ClInclude>
    <ClInclude Include="irrlicht\IGPUProgrammingServices.h">
      <Filter>Header Files</Filter>
    </ClInclude>
    <ClInclude Include="irrlicht\IGUIButton.h">
      <Filter>Header Files</Filter>
    </ClInclude>
    <ClInclude Include="irrlicht\IGUICheckBox.h">
      <Filter>Header Files</Filter>
    </ClInclude>
    <ClInclude Include="irrlicht\IGUIColorSelectDialog.h">
      <Filter>Header Files</Filter>
    </ClInclude>
    <ClInclude Include="irrlicht\IGUIComboBox.h">
      <Filter>Header Files</Filter>
    </ClInclude>
    <ClInclude Include="irrlicht\IGUIContextMenu.h">
      <Filter>Header Files</Filter>
    </ClInclude>
    <ClInclude Include="irrlicht\IGUIEditBox.h">
      <Filter>Header Files</Filter>
    </ClInclude>
    <ClInclude Include="irrlicht\IGUIElement.h">
      <Filter>Header Files</Filter>
    </ClInclude>
    <ClInclude Include="irrlicht\IGUIElementFactory.h">
      <Filter>Header Files</Filter>
    </ClInclude>
    <ClInclude Include="irrlicht\IGUIEnvironment.h">
      <Filter>Header Files</Filter>
    </ClInclude>
    <ClInclude Include="irrlicht\IGUIFileOpenDialog.h">
      <Filter>Header Files</Filter>
    </ClInclude>
    <ClInclude Include="irrlicht\IGUIFont.h">
      <Filter>Header Files</Filter>
    </ClInclude>
    <ClInclude Include="irrlicht\IGUIFontBitmap.h">
      <Filter>Header Files</Filter>
    </ClInclude>
    <ClInclude Include="irrlicht\IGUIImage.h">
      <Filter>Header Files</Filter>
    </ClInclude>
    <ClInclude Include="irrlicht\IGUIImageList.h">
      <Filter>Header Files</Filter>
    </ClInclude>
    <ClInclude Include="irrlicht\IGUIInOutFader.h">
      <Filter>Header Files</Filter>
    </ClInclude>
    <ClInclude Include="irrlicht\IGUIListBox.h">
      <Filter>Header Files</Filter>
    </ClInclude>
    <ClInclude Include="irrlicht\IGUIMeshViewer.h">
      <Filter>Header Files</Filter>
    </ClInclude>
    <ClInclude Include="irrlicht\IGUIScrollBar.h">
      <Filter>Header Files</Filter>
    </ClInclude>
    <ClInclude Include="irrlicht\IGUISkin.h">
      <Filter>Header Files</Filter>
    </ClInclude>
    <ClInclude Include="irrlicht\IGUISpinBox.h">
      <Filter>Header Files</Filter>
    </ClInclude>
    <ClInclude Include="irrlicht\IGUISpriteBank.h">
      <Filter>Header Files</Filter>
    </ClInclude>
    <ClInclude Include="irrlicht\IGUIStaticText.h">
      <Filter>Header Files</Filter>
    </ClInclude>
    <ClInclude Include="irrlicht\IGUITabControl.h">
      <Filter>Header Files</Filter>
    </ClInclude>
    <ClInclude Include="irrlicht\IGUITable.h">
      <Filter>Header Files</Filter>
    </ClInclude>
    <ClInclude Include="irrlicht\IGUIToolbar.h">
      <Filter>Header Files</Filter>
    </ClInclude>
    <ClInclude Include="irrlicht\IGUITreeView.h">
      <Filter>Header Files</Filter>
    </ClInclude>
    <ClInclude Include="irrlicht\IGUIWindow.h">
      <Filter>Header Files</Filter>
    </ClInclude>
    <ClInclude Include="irrlicht\IImage.h">
      <Filter>Header Files</Filter>
    </ClInclude>
    <ClInclude Include="irrlicht\IImageLoader.h">
      <Filter>Header Files</Filter>
    </ClInclude>
    <ClInclude Include="irrlicht\IImageWriter.h">
      <Filter>Header Files</Filter>
    </ClInclude>
    <ClInclude Include="irrlicht\IIndexBuffer.h">
      <Filter>Header Files</Filter>
    </ClInclude>
    <ClInclude Include="irrlicht\ILightManager.h">
      <Filter>Header Files</Filter>
    </ClInclude>
    <ClInclude Include="irrlicht\ILightSceneNode.h">
      <Filter>Header Files</Filter>
    </ClInclude>
    <ClInclude Include="irrlicht\ILogger.h">
      <Filter>Header Files</Filter>
    </ClInclude>
    <ClInclude Include="irrlicht\IMaterialRenderer.h">
      <Filter>Header Files</Filter>
    </ClInclude>
    <ClInclude Include="irrlicht\IMaterialRendererServices.h">
      <Filter>Header Files</Filter>
    </ClInclude>
    <ClInclude Include="irrlicht\IMesh.h">
      <Filter>Header Files</Filter>
    </ClInclude>
    <ClInclude Include="irrlicht\IMeshBuffer.h">
      <Filter>Header Files</Filter>
    </ClInclude>
    <ClInclude Include="irrlicht\IMeshCache.h">
      <Filter>Header Files</Filter>
    </ClInclude>
    <ClInclude Include="irrlicht\IMeshLoader.h">
      <Filter>Header Files</Filter>
    </ClInclude>
    <ClInclude Include="irrlicht\IMeshManipulator.h">
      <Filter>Header Files</Filter>
    </ClInclude>
    <ClInclude Include="irrlicht\IMeshSceneNode.h">
      <Filter>Header Files</Filter>
    </ClInclude>
    <ClInclude Include="irrlicht\IMeshWriter.h">
      <Filter>Header Files</Filter>
    </ClInclude>
    <ClInclude Include="irrlicht\IMetaTriangleSelector.h">
      <Filter>Header Files</Filter>
    </ClInclude>
    <ClInclude Include="irrlicht\IOSOperator.h">
      <Filter>Header Files</Filter>
    </ClInclude>
    <ClInclude Include="irrlicht\IParticleAffector.h">
      <Filter>Header Files</Filter>
    </ClInclude>
    <ClInclude Include="irrlicht\IParticleAnimatedMeshSceneNodeEmitter.h">
      <Filter>Header Files</Filter>
    </ClInclude>
    <ClInclude Include="irrlicht\IParticleAttractionAffector.h">
      <Filter>Header Files</Filter>
    </ClInclude>
    <ClInclude Include="irrlicht\IParticleBoxEmitter.h">
      <Filter>Header Files</Filter>
    </ClInclude>
    <ClInclude Include="irrlicht\IParticleCylinderEmitter.h">
      <Filter>Header Files</Filter>
    </ClInclude>
    <ClInclude Include="irrlicht\IParticleEmitter.h">
      <Filter>Header Files</Filter>
    </ClInclude>
    <ClInclude Include="irrlicht\IParticleFadeOutAffector.h">
      <Filter>Header Files</Filter>
    </ClInclude>
    <ClInclude Include="irrlicht\IParticleGravityAffector.h">
      <Filter>Header Files</Filter>
    </ClInclude>
    <ClInclude Include="irrlicht\IParticleMeshEmitter.h">
      <Filter>Header Files</Filter>
    </ClInclude>
    <ClInclude Include="irrlicht\IParticleRingEmitter.h">
      <Filter>Header Files</Filter>
    </ClInclude>
    <ClInclude Include="irrlicht\IParticleRotationAffector.h">
      <Filter>Header Files</Filter>
    </ClInclude>
    <ClInclude Include="irrlicht\IParticleSphereEmitter.h">
      <Filter>Header Files</Filter>
    </ClInclude>
    <ClInclude Include="irrlicht\IParticleSystemSceneNode.h">
      <Filter>Header Files</Filter>
    </ClInclude>
    <ClInclude Include="irrlicht\IQ3LevelMesh.h">
      <Filter>Header Files</Filter>
    </ClInclude>
    <ClInclude Include="irrlicht\IQ3Shader.h">
      <Filter>Header Files</Filter>
    </ClInclude>
    <ClInclude Include="irrlicht\IRandomizer.h">
      <Filter>Header Files</Filter>
    </ClInclude>
    <ClInclude Include="irrlicht\IReadFile.h">
      <Filter>Header Files</Filter>
    </ClInclude>
    <ClInclude Include="irrlicht\IReferenceCounted.h">
      <Filter>Header Files</Filter>
    </ClInclude>
    <ClInclude Include="irrlicht\irrAllocator.h">
      <Filter>Header Files</Filter>
    </ClInclude>
    <ClInclude Include="irrlicht\irrArray.h">
      <Filter>Header Files</Filter>
    </ClInclude>
    <ClInclude Include="irrlicht\IrrCompileConfig.h">
      <Filter>Header Files</Filter>
    </ClInclude>
    <ClInclude Include="irrlicht\irrlicht.h">
      <Filter>Header Files</Filter>
    </ClInclude>
    <ClInclude Include="irrlicht\IrrlichtDevice.h">
      <Filter>Header Files</Filter>
    </ClInclude>
    <ClInclude Include="irrlicht\irrList.h">
      <Filter>Header Files</Filter>
    </ClInclude>
    <ClInclude Include="irrlicht\irrMap.h">
      <Filter>Header Files</Filter>
    </ClInclude>
    <ClInclude Include="irrlicht\irrMath.h">
      <Filter>Header Files</Filter>
    </ClInclude>
    <ClInclude Include="irrlicht\irrpack.h">
      <Filter>Header Files</Filter>
    </ClInclude>
    <ClInclude Include="irrlicht\irrString.h">
      <Filter>Header Files</Filter>
    </ClInclude>
    <ClInclude Include="irrlicht\irrTypes.h">
      <Filter>Header Files</Filter>
    </ClInclude>
    <ClInclude Include="irrlicht\irrunpack.h">
      <Filter>Header Files</Filter>
    </ClInclude>
    <ClInclude Include="irrlicht\irrXML.h">
      <Filter>Header Files</Filter>
    </ClInclude>
    <ClInclude Include="irrlicht\ISceneCollisionManager.h">
      <Filter>Header Files</Filter>
    </ClInclude>
    <ClInclude Include="irrlicht\ISceneLoader.h">
      <Filter>Header Files</Filter>
    </ClInclude>
    <ClInclude Include="irrlicht\ISceneManager.h">
      <Filter>Header Files</Filter>
    </ClInclude>
    <ClInclude Include="irrlicht\ISceneNode.h">
      <Filter>Header Files</Filter>
    </ClInclude>
    <ClInclude Include="irrlicht\ISceneNodeAnimator.h">
      <Filter>Header Files</Filter>
    </ClInclude>
    <ClInclude Include="irrlicht\ISceneNodeAnimatorCameraFPS.h">
      <Filter>Header Files</Filter>
    </ClInclude>
    <ClInclude Include="irrlicht\ISceneNodeAnimatorCameraMaya.h">
      <Filter>Header Files</Filter>
    </ClInclude>
    <ClInclude Include="irrlicht\ISceneNodeAnimatorCollisionResponse.h">
      <Filter>Header Files</Filter>
    </ClInclude>
    <ClInclude Include="irrlicht\ISceneNodeAnimatorFactory.h">
      <Filter>Header Files</Filter>
    </ClInclude>
    <ClInclude Include="irrlicht\ISceneNodeFactory.h">
      <Filter>Header Files</Filter>
    </ClInclude>
    <ClInclude Include="irrlicht\ISceneUserDataSerializer.h">
      <Filter>Header Files</Filter>
    </ClInclude>
    <ClInclude Include="irrlicht\IShaderConstantSetCallBack.h">
      <Filter>Header Files</Filter>
    </ClInclude>
    <ClInclude Include="irrlicht\IShadowVolumeSceneNode.h">
      <Filter>Header Files</Filter>
    </ClInclude>
    <ClInclude Include="irrlicht\ISkinnedMesh.h">
      <Filter>Header Files</Filter>
    </ClInclude>
    <ClInclude Include="irrlicht\ITerrainSceneNode.h">
      <Filter>Header Files</Filter>
    </ClInclude>
    <ClInclude Include="irrlicht\ITextSceneNode.h">
      <Filter>Header Files</Filter>
    </ClInclude>
    <ClInclude Include="irrlicht\ITexture.h">
      <Filter>Header Files</Filter>
    </ClInclude>
    <ClInclude Include="irrlicht\ITimer.h">
      <Filter>Header Files</Filter>
    </ClInclude>
    <ClInclude Include="irrlicht\ITriangleSelector.h">
      <Filter>Header Files</Filter>
    </ClInclude>
    <ClInclude Include="irrlicht\IVertexBuffer.h">
      <Filter>Header Files</Filter>
    </ClInclude>
    <ClInclude Include="irrlicht\IVideoDriver.h">
      <Filter>Header Files</Filter>
    </ClInclude>
    <ClInclude Include="irrlicht\IVideoModeList.h">
      <Filter>Header Files</Filter>
    </ClInclude>
    <ClInclude Include="irrlicht\IVolumeLightSceneNode.h">
      <Filter>Header Files</Filter>
    </ClInclude>
    <ClInclude Include="irrlicht\IWriteFile.h">
      <Filter>Header Files</Filter>
    </ClInclude>
    <ClInclude Include="irrlicht\IXMLReader.h">
      <Filter>Header Files</Filter>
    </ClInclude>
    <ClInclude Include="irrlicht\IXMLWriter.h">
      <Filter>Header Files</Filter>
    </ClInclude>
    <ClInclude Include="irrlicht\Keycodes.h">
      <Filter>Header Files</Filter>
    </ClInclude>
    <ClInclude Include="irrlicht\line2d.h">
      <Filter>Header Files</Filter>
    </ClInclude>
    <ClInclude Include="irrlicht\line3d.h">
      <Filter>Header Files</Filter>
    </ClInclude>
    <ClInclude Include="irrlicht\matrix4.h">
      <Filter>Header Files</Filter>
    </ClInclude>
    <ClInclude Include="irrlicht\path.h">
      <Filter>Header Files</Filter>
    </ClInclude>
    <ClInclude Include="irrlicht\plane3d.h">
      <Filter>Header Files</Filter>
    </ClInclude>
    <ClInclude Include="irrlicht\position2d.h">
      <Filter>Header Files</Filter>
    </ClInclude>
    <ClInclude Include="irrlicht\quaternion.h">
      <Filter>Header Files</Filter>
    </ClInclude>
    <ClInclude Include="irrlicht\rect.h">
      <Filter>Header Files</Filter>
    </ClInclude>
    <ClInclude Include="irrlicht\S3DVertex.h">
      <Filter>Header Files</Filter>
    </ClInclude>
    <ClInclude Include="irrlicht\SAnimatedMesh.h">
      <Filter>Header Files</Filter>
    </ClInclude>
    <ClInclude Include="irrlicht\SceneParameters.h">
      <Filter>Header Files</Filter>
    </ClInclude>
    <ClInclude Include="irrlicht\SColor.h">
      <Filter>Header Files</Filter>
    </ClInclude>
    <ClInclude Include="irrlicht\SExposedVideoData.h">
      <Filter>Header Files</Filter>
    </ClInclude>
    <ClInclude Include="irrlicht\SIrrCreationParameters.h">
      <Filter>Header Files</Filter>
    </ClInclude>
    <ClInclude Include="irrlicht\SKeyMap.h">
      <Filter>Header Files</Filter>
    </ClInclude>
    <ClInclude Include="irrlicht\SLight.h">
      <Filter>Header Files</Filter>
    </ClInclude>
    <ClInclude Include="irrlicht\SMaterial.h">
      <Filter>Header Files</Filter>
    </ClInclude>
    <ClInclude Include="irrlicht\SMaterialLayer.h">
      <Filter>Header Files</Filter>
    </ClInclude>
    <ClInclude Include="irrlicht\SMesh.h">
      <Filter>Header Files</Filter>
    </ClInclude>
    <ClInclude Include="irrlicht\SMeshBuffer.h">
      <Filter>Header Files</Filter>
    </ClInclude>
    <ClInclude Include="irrlicht\SMeshBufferLightMap.h">
      <Filter>Header Files</Filter>
    </ClInclude>
    <ClInclude Include="irrlicht\SMeshBufferTangents.h">
      <Filter>Header Files</Filter>
    </ClInclude>
    <ClInclude Include="irrlicht\SParticle.h">
      <Filter>Header Files</Filter>
    </ClInclude>
    <ClInclude Include="irrlicht\SSharedMeshBuffer.h">
      <Filter>Header Files</Filter>
    </ClInclude>
    <ClInclude Include="irrlicht\SSkinMeshBuffer.h">
      <Filter>Header Files</Filter>
    </ClInclude>
    <ClInclude Include="irrlicht\SVertexIndex.h">
      <Filter>Header Files</Filter>
    </ClInclude>
    <ClInclude Include="irrlicht\SVertexManipulator.h">
      <Filter>Header Files</Filter>
    </ClInclude>
    <ClInclude Include="irrlicht\SViewFrustum.h">
      <Filter>Header Files</Filter>
    </ClInclude>
    <ClInclude Include="irrlicht\triangle3d.h">
      <Filter>Header Files</Filter>
    </ClInclude>
    <ClInclude Include="irrlicht\vector2d.h">
      <Filter>Header Files</Filter>
    </ClInclude>
    <ClInclude Include="irrlicht\vector3d.h">
      <Filter>Header Files</Filter>
    </ClInclude>
  </ItemGroup>
</Project>